// !$*UTF8*$!
{
	archiveVersion = 1;
	classes = {
	};
	objectVersion = 46;
	objects = {

/* Begin PBXBuildFile section */
		82538B6C1BC9078A00C8D07E /* main.m in Sources */ = {isa = PBXBuildFile; fileRef = 82538B6B1BC9078A00C8D07E /* main.m */; };
		82538B6F1BC9078A00C8D07E /* AppDelegate.m in Sources */ = {isa = PBXBuildFile; fileRef = 82538B6E1BC9078A00C8D07E /* AppDelegate.m */; };
		82538B721BC9078A00C8D07E /* ViewController.m in Sources */ = {isa = PBXBuildFile; fileRef = 82538B711BC9078A00C8D07E /* ViewController.m */; };
		82538B751BC9078A00C8D07E /* Main.storyboard in Resources */ = {isa = PBXBuildFile; fileRef = 82538B731BC9078A00C8D07E /* Main.storyboard */; };
		82538B771BC9078A00C8D07E /* Assets.xcassets in Resources */ = {isa = PBXBuildFile; fileRef = 82538B761BC9078A00C8D07E /* Assets.xcassets */; };
		82538B7A1BC9078A00C8D07E /* LaunchScreen.storyboard in Resources */ = {isa = PBXBuildFile; fileRef = 82538B781BC9078A00C8D07E /* LaunchScreen.storyboard */; };
		82538B851BC9078A00C8D07E /* RogueIOSAndJavaTests.m in Sources */ = {isa = PBXBuildFile; fileRef = 82538B841BC9078A00C8D07E /* RogueIOSAndJavaTests.m */; };
		82538B901BC9078A00C8D07E /* RogueIOSAndJavaUITests.m in Sources */ = {isa = PBXBuildFile; fileRef = 82538B8F1BC9078A00C8D07E /* RogueIOSAndJavaUITests.m */; };
		827781161BD4872600806733 /* RgBaseWindow.m in Sources */ = {isa = PBXBuildFile; fileRef = 827781151BD4872600806733 /* RgBaseWindow.m */; settings = {ASSET_TAGS = (); }; };
		8277811A1BD4883000806733 /* RgRedWindow.m in Sources */ = {isa = PBXBuildFile; fileRef = 827781191BD4883000806733 /* RgRedWindow.m */; settings = {ASSET_TAGS = (); }; };
		8277811D1BD4883C00806733 /* RgBlueWindow.m in Sources */ = {isa = PBXBuildFile; fileRef = 8277811C1BD4883C00806733 /* RgBlueWindow.m */; settings = {ASSET_TAGS = (); }; };
		827781201BD4885400806733 /* RgOrangeWindow.m in Sources */ = {isa = PBXBuildFile; fileRef = 8277811F1BD4885400806733 /* RgOrangeWindow.m */; settings = {ASSET_TAGS = (); }; };
		827781231BD4886300806733 /* RgGreenWindow.m in Sources */ = {isa = PBXBuildFile; fileRef = 827781221BD4886300806733 /* RgGreenWindow.m */; settings = {ASSET_TAGS = (); }; };
		827781261BD488CF00806733 /* RgTotalWindow.m in Sources */ = {isa = PBXBuildFile; fileRef = 827781251BD488CF00806733 /* RgTotalWindow.m */; settings = {ASSET_TAGS = (); }; };
		8277812A1BD4BA9000806733 /* RgBaseViewController.m in Sources */ = {isa = PBXBuildFile; fileRef = 827781291BD4BA9000806733 /* RgBaseViewController.m */; settings = {ASSET_TAGS = (); }; };
		8277812D1BD4BAAE00806733 /* RgRedViewController.m in Sources */ = {isa = PBXBuildFile; fileRef = 8277812C1BD4BAAE00806733 /* RgRedViewController.m */; settings = {ASSET_TAGS = (); }; };
		827781301BD4BABB00806733 /* RgBlueViewController.m in Sources */ = {isa = PBXBuildFile; fileRef = 8277812F1BD4BABB00806733 /* RgBlueViewController.m */; settings = {ASSET_TAGS = (); }; };
		827781331BD4BAC500806733 /* RgOrangeViewController.m in Sources */ = {isa = PBXBuildFile; fileRef = 827781321BD4BAC500806733 /* RgOrangeViewController.m */; settings = {ASSET_TAGS = (); }; };
		827781361BD4BACC00806733 /* RgGreenViewController.m in Sources */ = {isa = PBXBuildFile; fileRef = 827781351BD4BACC00806733 /* RgGreenViewController.m */; settings = {ASSET_TAGS = (); }; };
		FC07EC13CE4A28EDAA2ED053 /* libPods-RogueIOSAndJava.a in Frameworks */ = {isa = PBXBuildFile; fileRef = 6BED5C3BEF863A8233EF2BC4 /* libPods-RogueIOSAndJava.a */; };
/* End PBXBuildFile section */

/* Begin PBXContainerItemProxy section */
		82538B811BC9078A00C8D07E /* PBXContainerItemProxy */ = {
			isa = PBXContainerItemProxy;
			containerPortal = 82538B5F1BC9078A00C8D07E /* Project object */;
			proxyType = 1;
			remoteGlobalIDString = 82538B661BC9078A00C8D07E;
			remoteInfo = RogueIOSAndJava;
		};
		82538B8C1BC9078A00C8D07E /* PBXContainerItemProxy */ = {
			isa = PBXContainerItemProxy;
			containerPortal = 82538B5F1BC9078A00C8D07E /* Project object */;
			proxyType = 1;
			remoteGlobalIDString = 82538B661BC9078A00C8D07E;
			remoteInfo = RogueIOSAndJava;
		};
/* End PBXContainerItemProxy section */

/* Begin PBXFileReference section */
		19139A8784878E099704B41C /* Pods-RogueIOSAndJava.release.xcconfig */ = {isa = PBXFileReference; includeInIndex = 1; lastKnownFileType = text.xcconfig; name = "Pods-RogueIOSAndJava.release.xcconfig"; path = "Pods/Target Support Files/Pods-RogueIOSAndJava/Pods-RogueIOSAndJava.release.xcconfig"; sourceTree = "<group>"; };
		6BED5C3BEF863A8233EF2BC4 /* libPods-RogueIOSAndJava.a */ = {isa = PBXFileReference; explicitFileType = archive.ar; includeInIndex = 0; path = "libPods-RogueIOSAndJava.a"; sourceTree = BUILT_PRODUCTS_DIR; };
		82538B671BC9078A00C8D07E /* RogueIOSAndJava.app */ = {isa = PBXFileReference; explicitFileType = wrapper.application; includeInIndex = 0; path = RogueIOSAndJava.app; sourceTree = BUILT_PRODUCTS_DIR; };
		82538B6B1BC9078A00C8D07E /* main.m */ = {isa = PBXFileReference; lastKnownFileType = sourcecode.c.objc; path = main.m; sourceTree = "<group>"; };
		82538B6D1BC9078A00C8D07E /* AppDelegate.h */ = {isa = PBXFileReference; lastKnownFileType = sourcecode.c.h; path = AppDelegate.h; sourceTree = "<group>"; };
		82538B6E1BC9078A00C8D07E /* AppDelegate.m */ = {isa = PBXFileReference; lastKnownFileType = sourcecode.c.objc; path = AppDelegate.m; sourceTree = "<group>"; };
		82538B701BC9078A00C8D07E /* ViewController.h */ = {isa = PBXFileReference; lastKnownFileType = sourcecode.c.h; path = ViewController.h; sourceTree = "<group>"; };
		82538B711BC9078A00C8D07E /* ViewController.m */ = {isa = PBXFileReference; lastKnownFileType = sourcecode.c.objc; path = ViewController.m; sourceTree = "<group>"; };
		82538B741BC9078A00C8D07E /* Base */ = {isa = PBXFileReference; lastKnownFileType = file.storyboard; name = Base; path = Base.lproj/Main.storyboard; sourceTree = "<group>"; };
		82538B761BC9078A00C8D07E /* Assets.xcassets */ = {isa = PBXFileReference; lastKnownFileType = folder.assetcatalog; path = Assets.xcassets; sourceTree = "<group>"; };
		82538B791BC9078A00C8D07E /* Base */ = {isa = PBXFileReference; lastKnownFileType = file.storyboard; name = Base; path = Base.lproj/LaunchScreen.storyboard; sourceTree = "<group>"; };
		82538B7B1BC9078A00C8D07E /* Info.plist */ = {isa = PBXFileReference; lastKnownFileType = text.plist.xml; path = Info.plist; sourceTree = "<group>"; };
		82538B801BC9078A00C8D07E /* RogueIOSAndJavaTests.xctest */ = {isa = PBXFileReference; explicitFileType = wrapper.cfbundle; includeInIndex = 0; path = RogueIOSAndJavaTests.xctest; sourceTree = BUILT_PRODUCTS_DIR; };
		82538B841BC9078A00C8D07E /* RogueIOSAndJavaTests.m */ = {isa = PBXFileReference; lastKnownFileType = sourcecode.c.objc; path = RogueIOSAndJavaTests.m; sourceTree = "<group>"; };
		82538B861BC9078A00C8D07E /* Info.plist */ = {isa = PBXFileReference; lastKnownFileType = text.plist.xml; path = Info.plist; sourceTree = "<group>"; };
		82538B8B1BC9078A00C8D07E /* RogueIOSAndJavaUITests.xctest */ = {isa = PBXFileReference; explicitFileType = wrapper.cfbundle; includeInIndex = 0; path = RogueIOSAndJavaUITests.xctest; sourceTree = BUILT_PRODUCTS_DIR; };
		82538B8F1BC9078A00C8D07E /* RogueIOSAndJavaUITests.m */ = {isa = PBXFileReference; lastKnownFileType = sourcecode.c.objc; path = RogueIOSAndJavaUITests.m; sourceTree = "<group>"; };
		82538B911BC9078A00C8D07E /* Info.plist */ = {isa = PBXFileReference; lastKnownFileType = text.plist.xml; path = Info.plist; sourceTree = "<group>"; };
		827781141BD4872600806733 /* RgBaseWindow.h */ = {isa = PBXFileReference; fileEncoding = 4; lastKnownFileType = sourcecode.c.h; path = RgBaseWindow.h; sourceTree = "<group>"; };
		827781151BD4872600806733 /* RgBaseWindow.m */ = {isa = PBXFileReference; fileEncoding = 4; lastKnownFileType = sourcecode.c.objc; path = RgBaseWindow.m; sourceTree = "<group>"; };
		827781181BD4883000806733 /* RgRedWindow.h */ = {isa = PBXFileReference; fileEncoding = 4; lastKnownFileType = sourcecode.c.h; path = RgRedWindow.h; sourceTree = "<group>"; };
		827781191BD4883000806733 /* RgRedWindow.m */ = {isa = PBXFileReference; fileEncoding = 4; lastKnownFileType = sourcecode.c.objc; path = RgRedWindow.m; sourceTree = "<group>"; };
		8277811B1BD4883C00806733 /* RgBlueWindow.h */ = {isa = PBXFileReference; fileEncoding = 4; lastKnownFileType = sourcecode.c.h; path = RgBlueWindow.h; sourceTree = "<group>"; };
		8277811C1BD4883C00806733 /* RgBlueWindow.m */ = {isa = PBXFileReference; fileEncoding = 4; lastKnownFileType = sourcecode.c.objc; path = RgBlueWindow.m; sourceTree = "<group>"; };
		8277811E1BD4885400806733 /* RgOrangeWindow.h */ = {isa = PBXFileReference; fileEncoding = 4; lastKnownFileType = sourcecode.c.h; path = RgOrangeWindow.h; sourceTree = "<group>"; };
		8277811F1BD4885400806733 /* RgOrangeWindow.m */ = {isa = PBXFileReference; fileEncoding = 4; lastKnownFileType = sourcecode.c.objc; path = RgOrangeWindow.m; sourceTree = "<group>"; };
		827781211BD4886300806733 /* RgGreenWindow.h */ = {isa = PBXFileReference; fileEncoding = 4; lastKnownFileType = sourcecode.c.h; path = RgGreenWindow.h; sourceTree = "<group>"; };
		827781221BD4886300806733 /* RgGreenWindow.m */ = {isa = PBXFileReference; fileEncoding = 4; lastKnownFileType = sourcecode.c.objc; path = RgGreenWindow.m; sourceTree = "<group>"; };
		827781241BD488CF00806733 /* RgTotalWindow.h */ = {isa = PBXFileReference; fileEncoding = 4; lastKnownFileType = sourcecode.c.h; path = RgTotalWindow.h; sourceTree = "<group>"; };
		827781251BD488CF00806733 /* RgTotalWindow.m */ = {isa = PBXFileReference; fileEncoding = 4; lastKnownFileType = sourcecode.c.objc; path = RgTotalWindow.m; sourceTree = "<group>"; };
		827781281BD4BA9000806733 /* RgBaseViewController.h */ = {isa = PBXFileReference; fileEncoding = 4; lastKnownFileType = sourcecode.c.h; path = RgBaseViewController.h; sourceTree = "<group>"; };
		827781291BD4BA9000806733 /* RgBaseViewController.m */ = {isa = PBXFileReference; fileEncoding = 4; lastKnownFileType = sourcecode.c.objc; path = RgBaseViewController.m; sourceTree = "<group>"; };
		8277812B1BD4BAAE00806733 /* RgRedViewController.h */ = {isa = PBXFileReference; fileEncoding = 4; lastKnownFileType = sourcecode.c.h; path = RgRedViewController.h; sourceTree = "<group>"; };
		8277812C1BD4BAAE00806733 /* RgRedViewController.m */ = {isa = PBXFileReference; fileEncoding = 4; lastKnownFileType = sourcecode.c.objc; path = RgRedViewController.m; sourceTree = "<group>"; };
		8277812E1BD4BABB00806733 /* RgBlueViewController.h */ = {isa = PBXFileReference; fileEncoding = 4; lastKnownFileType = sourcecode.c.h; path = RgBlueViewController.h; sourceTree = "<group>"; };
		8277812F1BD4BABB00806733 /* RgBlueViewController.m */ = {isa = PBXFileReference; fileEncoding = 4; lastKnownFileType = sourcecode.c.objc; path = RgBlueViewController.m; sourceTree = "<group>"; };
		827781311BD4BAC500806733 /* RgOrangeViewController.h */ = {isa = PBXFileReference; fileEncoding = 4; lastKnownFileType = sourcecode.c.h; path = RgOrangeViewController.h; sourceTree = "<group>"; };
		827781321BD4BAC500806733 /* RgOrangeViewController.m */ = {isa = PBXFileReference; fileEncoding = 4; lastKnownFileType = sourcecode.c.objc; path = RgOrangeViewController.m; sourceTree = "<group>"; };
		827781341BD4BACC00806733 /* RgGreenViewController.h */ = {isa = PBXFileReference; fileEncoding = 4; lastKnownFileType = sourcecode.c.h; path = RgGreenViewController.h; sourceTree = "<group>"; };
		827781351BD4BACC00806733 /* RgGreenViewController.m */ = {isa = PBXFileReference; fileEncoding = 4; lastKnownFileType = sourcecode.c.objc; path = RgGreenViewController.m; sourceTree = "<group>"; };
		FB498F44A108BADAC7B97FF8 /* Pods-RogueIOSAndJava.debug.xcconfig */ = {isa = PBXFileReference; includeInIndex = 1; lastKnownFileType = text.xcconfig; name = "Pods-RogueIOSAndJava.debug.xcconfig"; path = "Pods/Target Support Files/Pods-RogueIOSAndJava/Pods-RogueIOSAndJava.debug.xcconfig"; sourceTree = "<group>"; };
/* End PBXFileReference section */

/* Begin PBXFrameworksBuildPhase section */
		82538B641BC9078A00C8D07E /* Frameworks */ = {
			isa = PBXFrameworksBuildPhase;
			buildActionMask = 2147483647;
			files = (
				FC07EC13CE4A28EDAA2ED053 /* libPods-RogueIOSAndJava.a in Frameworks */,
			);
			runOnlyForDeploymentPostprocessing = 0;
		};
		82538B7D1BC9078A00C8D07E /* Frameworks */ = {
			isa = PBXFrameworksBuildPhase;
			buildActionMask = 2147483647;
			files = (
			);
			runOnlyForDeploymentPostprocessing = 0;
		};
		82538B881BC9078A00C8D07E /* Frameworks */ = {
			isa = PBXFrameworksBuildPhase;
			buildActionMask = 2147483647;
			files = (
			);
			runOnlyForDeploymentPostprocessing = 0;
		};
/* End PBXFrameworksBuildPhase section */

/* Begin PBXGroup section */
		0E3808FED004EDBC36AEC4D4 /* Pods */ = {
			isa = PBXGroup;
			children = (
				FB498F44A108BADAC7B97FF8 /* Pods-RogueIOSAndJava.debug.xcconfig */,
				19139A8784878E099704B41C /* Pods-RogueIOSAndJava.release.xcconfig */,
			);
			name = Pods;
			sourceTree = "<group>";
		};
		82538B5E1BC9078A00C8D07E = {
			isa = PBXGroup;
			children = (
				82538B691BC9078A00C8D07E /* RogueIOSAndJava */,
				82538B831BC9078A00C8D07E /* RogueIOSAndJavaTests */,
				82538B8E1BC9078A00C8D07E /* RogueIOSAndJavaUITests */,
				82538B681BC9078A00C8D07E /* Products */,
				0E3808FED004EDBC36AEC4D4 /* Pods */,
				EBC445F54BD24E3FA2C99E95 /* Frameworks */,
			);
			sourceTree = "<group>";
		};
		82538B681BC9078A00C8D07E /* Products */ = {
			isa = PBXGroup;
			children = (
				82538B671BC9078A00C8D07E /* RogueIOSAndJava.app */,
				82538B801BC9078A00C8D07E /* RogueIOSAndJavaTests.xctest */,
				82538B8B1BC9078A00C8D07E /* RogueIOSAndJavaUITests.xctest */,
			);
			name = Products;
			sourceTree = "<group>";
		};
		82538B691BC9078A00C8D07E /* RogueIOSAndJava */ = {
			isa = PBXGroup;
			children = (
				827781101BD486E900806733 /* WindowPage */,
				82538B6D1BC9078A00C8D07E /* AppDelegate.h */,
				82538B6E1BC9078A00C8D07E /* AppDelegate.m */,
				82538B701BC9078A00C8D07E /* ViewController.h */,
				82538B711BC9078A00C8D07E /* ViewController.m */,
				82538B731BC9078A00C8D07E /* Main.storyboard */,
				82538B761BC9078A00C8D07E /* Assets.xcassets */,
				82538B781BC9078A00C8D07E /* LaunchScreen.storyboard */,
				82538B7B1BC9078A00C8D07E /* Info.plist */,
				82538B6A1BC9078A00C8D07E /* Supporting Files */,
			);
			path = RogueIOSAndJava;
			sourceTree = "<group>";
		};
		82538B6A1BC9078A00C8D07E /* Supporting Files */ = {
			isa = PBXGroup;
			children = (
				82538B6B1BC9078A00C8D07E /* main.m */,
			);
			name = "Supporting Files";
			sourceTree = "<group>";
		};
		82538B831BC9078A00C8D07E /* RogueIOSAndJavaTests */ = {
			isa = PBXGroup;
			children = (
				82538B841BC9078A00C8D07E /* RogueIOSAndJavaTests.m */,
				82538B861BC9078A00C8D07E /* Info.plist */,
			);
			path = RogueIOSAndJavaTests;
			sourceTree = "<group>";
		};
		82538B8E1BC9078A00C8D07E /* RogueIOSAndJavaUITests */ = {
			isa = PBXGroup;
			children = (
				82538B8F1BC9078A00C8D07E /* RogueIOSAndJavaUITests.m */,
				82538B911BC9078A00C8D07E /* Info.plist */,
			);
			path = RogueIOSAndJavaUITests;
			sourceTree = "<group>";
		};
		827781101BD486E900806733 /* WindowPage */ = {
			isa = PBXGroup;
			children = (
				827781271BD4BA6F00806733 /* SubViewController */,
				827781171BD4874400806733 /* SubWindowPage */,
				827781141BD4872600806733 /* RgBaseWindow.h */,
				827781151BD4872600806733 /* RgBaseWindow.m */,
				827781281BD4BA9000806733 /* RgBaseViewController.h */,
				827781291BD4BA9000806733 /* RgBaseViewController.m */,
			);
			path = WindowPage;
			sourceTree = "<group>";
		};
		827781171BD4874400806733 /* SubWindowPage */ = {
			isa = PBXGroup;
			children = (
				827781181BD4883000806733 /* RgRedWindow.h */,
				827781191BD4883000806733 /* RgRedWindow.m */,
				8277811B1BD4883C00806733 /* RgBlueWindow.h */,
				8277811C1BD4883C00806733 /* RgBlueWindow.m */,
				8277811E1BD4885400806733 /* RgOrangeWindow.h */,
				8277811F1BD4885400806733 /* RgOrangeWindow.m */,
				827781211BD4886300806733 /* RgGreenWindow.h */,
				827781221BD4886300806733 /* RgGreenWindow.m */,
				827781241BD488CF00806733 /* RgTotalWindow.h */,
				827781251BD488CF00806733 /* RgTotalWindow.m */,
			);
			path = SubWindowPage;
			sourceTree = "<group>";
		};
		827781271BD4BA6F00806733 /* SubViewController */ = {
			isa = PBXGroup;
			children = (
				8277812B1BD4BAAE00806733 /* RgRedViewController.h */,
				8277812C1BD4BAAE00806733 /* RgRedViewController.m */,
				8277812E1BD4BABB00806733 /* RgBlueViewController.h */,
				8277812F1BD4BABB00806733 /* RgBlueViewController.m */,
				827781311BD4BAC500806733 /* RgOrangeViewController.h */,
				827781321BD4BAC500806733 /* RgOrangeViewController.m */,
				827781341BD4BACC00806733 /* RgGreenViewController.h */,
				827781351BD4BACC00806733 /* RgGreenViewController.m */,
			);
			path = SubViewController;
			sourceTree = "<group>";
		};
		EBC445F54BD24E3FA2C99E95 /* Frameworks */ = {
			isa = PBXGroup;
			children = (
				6BED5C3BEF863A8233EF2BC4 /* libPods-RogueIOSAndJava.a */,
			);
			name = Frameworks;
			sourceTree = "<group>";
		};
/* End PBXGroup section */

/* Begin PBXNativeTarget section */
		82538B661BC9078A00C8D07E /* RogueIOSAndJava */ = {
			isa = PBXNativeTarget;
			buildConfigurationList = 82538B941BC9078A00C8D07E /* Build configuration list for PBXNativeTarget "RogueIOSAndJava" */;
			buildPhases = (
				3E384ED5DAB327BF2294E4EE /* Check Pods Manifest.lock */,
				82538B631BC9078A00C8D07E /* Sources */,
				82538B641BC9078A00C8D07E /* Frameworks */,
				82538B651BC9078A00C8D07E /* Resources */,
				82C1D2AFA1E038A53AE73150 /* Copy Pods Resources */,
				C798BB64B2B402E6ADE85B5A /* Embed Pods Frameworks */,
			);
			buildRules = (
			);
			dependencies = (
			);
			name = RogueIOSAndJava;
			productName = RogueIOSAndJava;
			productReference = 82538B671BC9078A00C8D07E /* RogueIOSAndJava.app */;
			productType = "com.apple.product-type.application";
		};
		82538B7F1BC9078A00C8D07E /* RogueIOSAndJavaTests */ = {
			isa = PBXNativeTarget;
			buildConfigurationList = 82538B971BC9078A00C8D07E /* Build configuration list for PBXNativeTarget "RogueIOSAndJavaTests" */;
			buildPhases = (
				82538B7C1BC9078A00C8D07E /* Sources */,
				82538B7D1BC9078A00C8D07E /* Frameworks */,
				82538B7E1BC9078A00C8D07E /* Resources */,
			);
			buildRules = (
			);
			dependencies = (
				82538B821BC9078A00C8D07E /* PBXTargetDependency */,
			);
			name = RogueIOSAndJavaTests;
			productName = RogueIOSAndJavaTests;
			productReference = 82538B801BC9078A00C8D07E /* RogueIOSAndJavaTests.xctest */;
			productType = "com.apple.product-type.bundle.unit-test";
		};
		82538B8A1BC9078A00C8D07E /* RogueIOSAndJavaUITests */ = {
			isa = PBXNativeTarget;
			buildConfigurationList = 82538B9A1BC9078A00C8D07E /* Build configuration list for PBXNativeTarget "RogueIOSAndJavaUITests" */;
			buildPhases = (
				82538B871BC9078A00C8D07E /* Sources */,
				82538B881BC9078A00C8D07E /* Frameworks */,
				82538B891BC9078A00C8D07E /* Resources */,
			);
			buildRules = (
			);
			dependencies = (
				82538B8D1BC9078A00C8D07E /* PBXTargetDependency */,
			);
			name = RogueIOSAndJavaUITests;
			productName = RogueIOSAndJavaUITests;
			productReference = 82538B8B1BC9078A00C8D07E /* RogueIOSAndJavaUITests.xctest */;
			productType = "com.apple.product-type.bundle.ui-testing";
		};
/* End PBXNativeTarget section */

/* Begin PBXProject section */
		82538B5F1BC9078A00C8D07E /* Project object */ = {
			isa = PBXProject;
			attributes = {
				LastUpgradeCheck = 0700;
				ORGANIZATIONNAME = Rogue;
				TargetAttributes = {
					82538B661BC9078A00C8D07E = {
						CreatedOnToolsVersion = 7.0.1;
					};
					82538B7F1BC9078A00C8D07E = {
						CreatedOnToolsVersion = 7.0.1;
						TestTargetID = 82538B661BC9078A00C8D07E;
					};
					82538B8A1BC9078A00C8D07E = {
						CreatedOnToolsVersion = 7.0.1;
						TestTargetID = 82538B661BC9078A00C8D07E;
					};
				};
			};
			buildConfigurationList = 82538B621BC9078A00C8D07E /* Build configuration list for PBXProject "RogueIOSAndJava" */;
			compatibilityVersion = "Xcode 3.2";
			developmentRegion = English;
			hasScannedForEncodings = 0;
			knownRegions = (
				en,
				Base,
			);
			mainGroup = 82538B5E1BC9078A00C8D07E;
			productRefGroup = 82538B681BC9078A00C8D07E /* Products */;
			projectDirPath = "";
			projectRoot = "";
			targets = (
				82538B661BC9078A00C8D07E /* RogueIOSAndJava */,
				82538B7F1BC9078A00C8D07E /* RogueIOSAndJavaTests */,
				82538B8A1BC9078A00C8D07E /* RogueIOSAndJavaUITests */,
			);
		};
/* End PBXProject section */

/* Begin PBXResourcesBuildPhase section */
		82538B651BC9078A00C8D07E /* Resources */ = {
			isa = PBXResourcesBuildPhase;
			buildActionMask = 2147483647;
			files = (
				82538B7A1BC9078A00C8D07E /* LaunchScreen.storyboard in Resources */,
				82538B771BC9078A00C8D07E /* Assets.xcassets in Resources */,
				82538B751BC9078A00C8D07E /* Main.storyboard in Resources */,
			);
			runOnlyForDeploymentPostprocessing = 0;
		};
		82538B7E1BC9078A00C8D07E /* Resources */ = {
			isa = PBXResourcesBuildPhase;
			buildActionMask = 2147483647;
			files = (
			);
			runOnlyForDeploymentPostprocessing = 0;
		};
		82538B891BC9078A00C8D07E /* Resources */ = {
			isa = PBXResourcesBuildPhase;
			buildActionMask = 2147483647;
			files = (
			);
			runOnlyForDeploymentPostprocessing = 0;
		};
/* End PBXResourcesBuildPhase section */

/* Begin PBXShellScriptBuildPhase section */
		3E384ED5DAB327BF2294E4EE /* Check Pods Manifest.lock */ = {
			isa = PBXShellScriptBuildPhase;
			buildActionMask = 2147483647;
			files = (
			);
			inputPaths = (
			);
			name = "Check Pods Manifest.lock";
			outputPaths = (
			);
			runOnlyForDeploymentPostprocessing = 0;
			shellPath = /bin/sh;
			shellScript = "diff \"${PODS_ROOT}/../Podfile.lock\" \"${PODS_ROOT}/Manifest.lock\" > /dev/null\nif [[ $? != 0 ]] ; then\n    cat << EOM\nerror: The sandbox is not in sync with the Podfile.lock. Run 'pod install' or update your CocoaPods installation.\nEOM\n    exit 1\nfi\n";
			showEnvVarsInLog = 0;
		};
		82C1D2AFA1E038A53AE73150 /* Copy Pods Resources */ = {
			isa = PBXShellScriptBuildPhase;
			buildActionMask = 2147483647;
			files = (
			);
			inputPaths = (
			);
			name = "Copy Pods Resources";
			outputPaths = (
			);
			runOnlyForDeploymentPostprocessing = 0;
			shellPath = /bin/sh;
			shellScript = "\"${SRCROOT}/Pods/Target Support Files/Pods-RogueIOSAndJava/Pods-RogueIOSAndJava-resources.sh\"\n";
			showEnvVarsInLog = 0;
		};
		C798BB64B2B402E6ADE85B5A /* Embed Pods Frameworks */ = {
			isa = PBXShellScriptBuildPhase;
			buildActionMask = 2147483647;
			files = (
			);
			inputPaths = (
			);
			name = "Embed Pods Frameworks";
			outputPaths = (
			);
			runOnlyForDeploymentPostprocessing = 0;
			shellPath = /bin/sh;
			shellScript = "\"${SRCROOT}/Pods/Target Support Files/Pods-RogueIOSAndJava/Pods-RogueIOSAndJava-frameworks.sh\"\n";
			showEnvVarsInLog = 0;
		};
/* End PBXShellScriptBuildPhase section */

/* Begin PBXSourcesBuildPhase section */
		82538B631BC9078A00C8D07E /* Sources */ = {
			isa = PBXSourcesBuildPhase;
			buildActionMask = 2147483647;
			files = (
				8277812A1BD4BA9000806733 /* RgBaseViewController.m in Sources */,
				8277812D1BD4BAAE00806733 /* RgRedViewController.m in Sources */,
				82538B721BC9078A00C8D07E /* ViewController.m in Sources */,
				827781261BD488CF00806733 /* RgTotalWindow.m in Sources */,
				827781161BD4872600806733 /* RgBaseWindow.m in Sources */,
				8277811A1BD4883000806733 /* RgRedWindow.m in Sources */,
				827781201BD4885400806733 /* RgOrangeWindow.m in Sources */,
				827781231BD4886300806733 /* RgGreenWindow.m in Sources */,
				82538B6F1BC9078A00C8D07E /* AppDelegate.m in Sources */,
				827781331BD4BAC500806733 /* RgOrangeViewController.m in Sources */,
				827781301BD4BABB00806733 /* RgBlueViewController.m in Sources */,
				827781361BD4BACC00806733 /* RgGreenViewController.m in Sources */,
				8277811D1BD4883C00806733 /* RgBlueWindow.m in Sources */,
				82538B6C1BC9078A00C8D07E /* main.m in Sources */,
			);
			runOnlyForDeploymentPostprocessing = 0;
		};
		82538B7C1BC9078A00C8D07E /* Sources */ = {
			isa = PBXSourcesBuildPhase;
			buildActionMask = 2147483647;
			files = (
				82538B851BC9078A00C8D07E /* RogueIOSAndJavaTests.m in Sources */,
			);
			runOnlyForDeploymentPostprocessing = 0;
		};
		82538B871BC9078A00C8D07E /* Sources */ = {
			isa = PBXSourcesBuildPhase;
			buildActionMask = 2147483647;
			files = (
				82538B901BC9078A00C8D07E /* RogueIOSAndJavaUITests.m in Sources */,
			);
			runOnlyForDeploymentPostprocessing = 0;
		};
/* End PBXSourcesBuildPhase section */

/* Begin PBXTargetDependency section */
		82538B821BC9078A00C8D07E /* PBXTargetDependency */ = {
			isa = PBXTargetDependency;
			target = 82538B661BC9078A00C8D07E /* RogueIOSAndJava */;
			targetProxy = 82538B811BC9078A00C8D07E /* PBXContainerItemProxy */;
		};
		82538B8D1BC9078A00C8D07E /* PBXTargetDependency */ = {
			isa = PBXTargetDependency;
			target = 82538B661BC9078A00C8D07E /* RogueIOSAndJava */;
			targetProxy = 82538B8C1BC9078A00C8D07E /* PBXContainerItemProxy */;
		};
/* End PBXTargetDependency section */

/* Begin PBXVariantGroup section */
		82538B731BC9078A00C8D07E /* Main.storyboard */ = {
			isa = PBXVariantGroup;
			children = (
				82538B741BC9078A00C8D07E /* Base */,
			);
			name = Main.storyboard;
			sourceTree = "<group>";
		};
		82538B781BC9078A00C8D07E /* LaunchScreen.storyboard */ = {
			isa = PBXVariantGroup;
			children = (
				82538B791BC9078A00C8D07E /* Base */,
			);
			name = LaunchScreen.storyboard;
			sourceTree = "<group>";
		};
/* End PBXVariantGroup section */

/* Begin XCBuildConfiguration section */
		82538B921BC9078A00C8D07E /* Debug */ = {
			isa = XCBuildConfiguration;
			buildSettings = {
				ALWAYS_SEARCH_USER_PATHS = NO;
				CLANG_CXX_LANGUAGE_STANDARD = "gnu++0x";
				CLANG_CXX_LIBRARY = "libc++";
				CLANG_ENABLE_MODULES = YES;
				CLANG_ENABLE_OBJC_ARC = YES;
				CLANG_WARN_BOOL_CONVERSION = YES;
				CLANG_WARN_CONSTANT_CONVERSION = YES;
				CLANG_WARN_DIRECT_OBJC_ISA_USAGE = YES_ERROR;
				CLANG_WARN_EMPTY_BODY = YES;
				CLANG_WARN_ENUM_CONVERSION = YES;
				CLANG_WARN_INT_CONVERSION = YES;
				CLANG_WARN_OBJC_ROOT_CLASS = YES_ERROR;
				CLANG_WARN_UNREACHABLE_CODE = YES;
				CLANG_WARN__DUPLICATE_METHOD_MATCH = YES;
				"CODE_SIGN_IDENTITY[sdk=iphoneos*]" = "iPhone Developer";
				COPY_PHASE_STRIP = NO;
				DEBUG_INFORMATION_FORMAT = dwarf;
				ENABLE_STRICT_OBJC_MSGSEND = YES;
				ENABLE_TESTABILITY = YES;
				GCC_C_LANGUAGE_STANDARD = gnu99;
				GCC_DYNAMIC_NO_PIC = NO;
				GCC_NO_COMMON_BLOCKS = YES;
				GCC_OPTIMIZATION_LEVEL = 0;
				GCC_PREPROCESSOR_DEFINITIONS = (
					"DEBUG=1",
					"$(inherited)",
				);
				GCC_WARN_64_TO_32_BIT_CONVERSION = YES;
				GCC_WARN_ABOUT_RETURN_TYPE = YES_ERROR;
				GCC_WARN_UNDECLARED_SELECTOR = YES;
				GCC_WARN_UNINITIALIZED_AUTOS = YES_AGGRESSIVE;
				GCC_WARN_UNUSED_FUNCTION = YES;
				GCC_WARN_UNUSED_VARIABLE = YES;
				IPHONEOS_DEPLOYMENT_TARGET = 8.0;
				MTL_ENABLE_DEBUG_INFO = YES;
				ONLY_ACTIVE_ARCH = YES;
				SDKROOT = iphoneos;
				TARGETED_DEVICE_FAMILY = "1,2";
			};
			name = Debug;
		};
		82538B931BC9078A00C8D07E /* Release */ = {
			isa = XCBuildConfiguration;
			buildSettings = {
				ALWAYS_SEARCH_USER_PATHS = NO;
				CLANG_CXX_LANGUAGE_STANDARD = "gnu++0x";
				CLANG_CXX_LIBRARY = "libc++";
				CLANG_ENABLE_MODULES = YES;
				CLANG_ENABLE_OBJC_ARC = YES;
				CLANG_WARN_BOOL_CONVERSION = YES;
				CLANG_WARN_CONSTANT_CONVERSION = YES;
				CLANG_WARN_DIRECT_OBJC_ISA_USAGE = YES_ERROR;
				CLANG_WARN_EMPTY_BODY = YES;
				CLANG_WARN_ENUM_CONVERSION = YES;
				CLANG_WARN_INT_CONVERSION = YES;
				CLANG_WARN_OBJC_ROOT_CLASS = YES_ERROR;
				CLANG_WARN_UNREACHABLE_CODE = YES;
				CLANG_WARN__DUPLICATE_METHOD_MATCH = YES;
				"CODE_SIGN_IDENTITY[sdk=iphoneos*]" = "iPhone Developer";
				COPY_PHASE_STRIP = NO;
				DEBUG_INFORMATION_FORMAT = "dwarf-with-dsym";
				ENABLE_NS_ASSERTIONS = NO;
				ENABLE_STRICT_OBJC_MSGSEND = YES;
				GCC_C_LANGUAGE_STANDARD = gnu99;
				GCC_NO_COMMON_BLOCKS = YES;
				GCC_WARN_64_TO_32_BIT_CONVERSION = YES;
				GCC_WARN_ABOUT_RETURN_TYPE = YES_ERROR;
				GCC_WARN_UNDECLARED_SELECTOR = YES;
				GCC_WARN_UNINITIALIZED_AUTOS = YES_AGGRESSIVE;
				GCC_WARN_UNUSED_FUNCTION = YES;
				GCC_WARN_UNUSED_VARIABLE = YES;
				IPHONEOS_DEPLOYMENT_TARGET = 8.0;
				MTL_ENABLE_DEBUG_INFO = NO;
				SDKROOT = iphoneos;
				TARGETED_DEVICE_FAMILY = "1,2";
				VALIDATE_PRODUCT = YES;
			};
			name = Release;
		};
		82538B951BC9078A00C8D07E /* Debug */ = {
			isa = XCBuildConfiguration;
			baseConfigurationReference = FB498F44A108BADAC7B97FF8 /* Pods-RogueIOSAndJava.debug.xcconfig */;
			buildSettings = {
				ASSETCATALOG_COMPILER_APPICON_NAME = AppIcon;
				INFOPLIST_FILE = RogueIOSAndJava/Info.plist;
				LD_RUNPATH_SEARCH_PATHS = "$(inherited) @executable_path/Frameworks";
				PRODUCT_BUNDLE_IDENTIFIER = com.rogue.zlj.RogueIOSAndJava;
				PRODUCT_NAME = "$(TARGET_NAME)";
			};
			name = Debug;
		};
		82538B961BC9078A00C8D07E /* Release */ = {
			isa = XCBuildConfiguration;
			baseConfigurationReference = 19139A8784878E099704B41C /* Pods-RogueIOSAndJava.release.xcconfig */;
			buildSettings = {
				ASSETCATALOG_COMPILER_APPICON_NAME = AppIcon;
				INFOPLIST_FILE = RogueIOSAndJava/Info.plist;
				LD_RUNPATH_SEARCH_PATHS = "$(inherited) @executable_path/Frameworks";
				PRODUCT_BUNDLE_IDENTIFIER = com.rogue.zlj.RogueIOSAndJava;
				PRODUCT_NAME = "$(TARGET_NAME)";
			};
			name = Release;
		};
		82538B981BC9078A00C8D07E /* Debug */ = {
			isa = XCBuildConfiguration;
			buildSettings = {
				BUNDLE_LOADER = "$(TEST_HOST)";
				INFOPLIST_FILE = RogueIOSAndJavaTests/Info.plist;
				LD_RUNPATH_SEARCH_PATHS = "$(inherited) @executable_path/Frameworks @loader_path/Frameworks";
				PRODUCT_BUNDLE_IDENTIFIER = com.rogue.zlj.RogueIOSAndJavaTests;
				PRODUCT_NAME = "$(TARGET_NAME)";
				TEST_HOST = "$(BUILT_PRODUCTS_DIR)/RogueIOSAndJava.app/RogueIOSAndJava";
			};
			name = Debug;
		};
		82538B991BC9078A00C8D07E /* Release */ = {
			isa = XCBuildConfiguration;
			buildSettings = {
				BUNDLE_LOADER = "$(TEST_HOST)";
				INFOPLIST_FILE = RogueIOSAndJavaTests/Info.plist;
				LD_RUNPATH_SEARCH_PATHS = "$(inherited) @executable_path/Frameworks @loader_path/Frameworks";
				PRODUCT_BUNDLE_IDENTIFIER = com.rogue.zlj.RogueIOSAndJavaTests;
				PRODUCT_NAME = "$(TARGET_NAME)";
				TEST_HOST = "$(BUILT_PRODUCTS_DIR)/RogueIOSAndJava.app/RogueIOSAndJava";
			};
			name = Release;
		};
		82538B9B1BC9078A00C8D07E /* Debug */ = {
			isa = XCBuildConfiguration;
			buildSettings = {
				INFOPLIST_FILE = RogueIOSAndJavaUITests/Info.plist;
				LD_RUNPATH_SEARCH_PATHS = "$(inherited) @executable_path/Frameworks @loader_path/Frameworks";
				PRODUCT_BUNDLE_IDENTIFIER = com.rogue.zlj.RogueIOSAndJavaUITests;
				PRODUCT_NAME = "$(TARGET_NAME)";
				TEST_TARGET_NAME = RogueIOSAndJava;
				USES_XCTRUNNER = YES;
			};
			name = Debug;
		};
		82538B9C1BC9078A00C8D07E /* Release */ = {
			isa = XCBuildConfiguration;
			buildSettings = {
				INFOPLIST_FILE = RogueIOSAndJavaUITests/Info.plist;
				LD_RUNPATH_SEARCH_PATHS = "$(inherited) @executable_path/Frameworks @loader_path/Frameworks";
				PRODUCT_BUNDLE_IDENTIFIER = com.rogue.zlj.RogueIOSAndJavaUITests;
				PRODUCT_NAME = "$(TARGET_NAME)";
				TEST_TARGET_NAME = RogueIOSAndJava;
				USES_XCTRUNNER = YES;
			};
			name = Release;
		};
/* End XCBuildConfiguration section */

/* Begin XCConfigurationList section */
		82538B621BC9078A00C8D07E /* Build configuration list for PBXProject "RogueIOSAndJava" */ = {
			isa = XCConfigurationList;
			buildConfigurations = (
				82538B921BC9078A00C8D07E /* Debug */,
				82538B931BC9078A00C8D07E /* Release */,
			);
			defaultConfigurationIsVisible = 0;
			defaultConfigurationName = Release;
		};
		82538B941BC9078A00C8D07E /* Build configuration list for PBXNativeTarget "RogueIOSAndJava" */ = {
			isa = XCConfigurationList;
			buildConfigurations = (
				82538B951BC9078A00C8D07E /* Debug */,
				82538B961BC9078A00C8D07E /* Release */,
			);
			defaultConfigurationIsVisible = 0;
			defaultConfigurationName = Release;
		};
		82538B971BC9078A00C8D07E /* Build configuration list for PBXNativeTarget "RogueIOSAndJavaTests" */ = {
			isa = XCConfigurationList;
			buildConfigurations = (
				82538B981BC9078A00C8D07E /* Debug */,
				82538B991BC9078A00C8D07E /* Release */,
			);
			defaultConfigurationIsVisible = 0;
			defaultConfigurationName = Release;
		};
		82538B9A1BC9078A00C8D07E /* Build configuration list for PBXNativeTarget "RogueIOSAndJavaUITests" */ = {
			isa = XCConfigurationList;
			buildConfigurations = (
				82538B9B1BC9078A00C8D07E /* Debug */,
				82538B9C1BC9078A00C8D07E /* Release */,
			);
			defaultConfigurationIsVisible = 0;
			defaultConfigurationName = Release;
		};
/* End XCConfigurationList section */
	};
	rootObject = 82538B5F1BC9078A00C8D07E /* Project object */;
}
